
Microsoft Visual Studio Solution File, Format Version 12.00
# Visual Studio Version 17
VisualStudioVersion = 17.2.32616.157
MinimumVisualStudioVersion = 10.0.40219.1
Project("{FAE04EC0-301F-11D3-BF4B-00C04F79EFBC}") = "TideWebsiteNUnitProject", "TideWebsiteNUnitProject\TideWebsiteNUnitProject.csproj", "{997E8D3C-6408-4519-87F6-53D413D8AAD2}"
EndProject
Global
	GlobalSection(SolutionConfigurationPlatforms) = preSolution
		Debug|Any CPU = Debug|Any CPU
		Release|Any CPU = Release|Any CPU
	EndGlobalSection
	GlobalSection(ProjectConfigurationPlatforms) = postSolution
		{997E8D3C-6408-4519-87F6-53D413D8AAD2}.Debug|Any CPU.ActiveCfg = Debug|Any CPU
		{997E8D3C-6408-4519-87F6-53D413D8AAD2}.Debug|Any CPU.Build.0 = Debug|Any CPU
		{997E8D3C-6408-4519-87F6-53D413D8AAD2}.Release|Any CPU.ActiveCfg = Release|Any CPU
		{997E8D3C-6408-4519-87F6-53D413D8AAD2}.Release|Any CPU.Build.0 = Release|Any CPU
	EndGlobalSection
	GlobalSection(SolutionProperties) = preSolution
		HideSolutionNode = FALSE
	EndGlobalSection
	GlobalSection(ExtensibilityGlobals) = postSolution
		SolutionGuid = {FD682799-F531-4AFF-A681-4DD5823E0CCA}
	EndGlobalSection
EndGlobal
